
Microsoft Visual Studio Solution File, Format Version 12.00
# Visual Studio Version 17
VisualStudioVersion = 17.11.35303.130
MinimumVisualStudioVersion = 10.0.40219.1
Project("{9A19103F-16F7-4668-BE54-9A1E7A4F7556}") = "TransactionsAPI", "TransactionsAPI\TransactionsAPI.csproj", "{9BECF516-A355-4161-A0A7-4C344EB080ED}"
EndProject
Project("{9A19103F-16F7-4668-BE54-9A1E7A4F7556}") = "GamingData", "GamingData\GamingData.csproj", "{3329C807-9CBF-4978-BBF9-C1842C779990}"
EndProject
Project("{9A19103F-16F7-4668-BE54-9A1E7A4F7556}") = "ClientApp", "ClientApp\ClientApp.csproj", "{CB41BB3B-E0A3-408A-9550-7A8AF5DD084B}"
EndProject
Project("{9A19103F-16F7-4668-BE54-9A1E7A4F7556}") = "Models", "Models\Models.csproj", "{3C090345-CDCB-4D13-9A22-001097B61306}"
EndProject
Global
	GlobalSection(SolutionConfigurationPlatforms) = preSolution
		Debug|Any CPU = Debug|Any CPU
		Release|Any CPU = Release|Any CPU
	EndGlobalSection
	GlobalSection(ProjectConfigurationPlatforms) = postSolution
		{9BECF516-A355-4161-A0A7-4C344EB080ED}.Debug|Any CPU.ActiveCfg = Debug|Any CPU
		{9BECF516-A355-4161-A0A7-4C344EB080ED}.Debug|Any CPU.Build.0 = Debug|Any CPU
		{9BECF516-A355-4161-A0A7-4C344EB080ED}.Release|Any CPU.ActiveCfg = Release|Any CPU
		{9BECF516-A355-4161-A0A7-4C344EB080ED}.Release|Any CPU.Build.0 = Release|Any CPU
		{3329C807-9CBF-4978-BBF9-C1842C779990}.Debug|Any CPU.ActiveCfg = Debug|Any CPU
		{3329C807-9CBF-4978-BBF9-C1842C779990}.Debug|Any CPU.Build.0 = Debug|Any CPU
		{3329C807-9CBF-4978-BBF9-C1842C779990}.Release|Any CPU.ActiveCfg = Release|Any CPU
		{3329C807-9CBF-4978-BBF9-C1842C779990}.Release|Any CPU.Build.0 = Release|Any CPU
		{CB41BB3B-E0A3-408A-9550-7A8AF5DD084B}.Debug|Any CPU.ActiveCfg = Debug|Any CPU
		{CB41BB3B-E0A3-408A-9550-7A8AF5DD084B}.Debug|Any CPU.Build.0 = Debug|Any CPU
		{CB41BB3B-E0A3-408A-9550-7A8AF5DD084B}.Release|Any CPU.ActiveCfg = Release|Any CPU
		{CB41BB3B-E0A3-408A-9550-7A8AF5DD084B}.Release|Any CPU.Build.0 = Release|Any CPU
		{3C090345-CDCB-4D13-9A22-001097B61306}.Debug|Any CPU.ActiveCfg = Debug|Any CPU
		{3C090345-CDCB-4D13-9A22-001097B61306}.Debug|Any CPU.Build.0 = Debug|Any CPU
		{3C090345-CDCB-4D13-9A22-001097B61306}.Release|Any CPU.ActiveCfg = Release|Any CPU
		{3C090345-CDCB-4D13-9A22-001097B61306}.Release|Any CPU.Build.0 = Release|Any CPU
	EndGlobalSection
	GlobalSection(SolutionProperties) = preSolution
		HideSolutionNode = FALSE
	EndGlobalSection
	GlobalSection(ExtensibilityGlobals) = postSolution
		SolutionGuid = {C2BBC1A1-89FC-40D7-8796-8BE21424CF2A}
	EndGlobalSection
EndGlobal
